
Microsoft Visual Studio Solution File, Format Version 12.00
# Visual Studio Version 17
VisualStudioVersion = 17.13.35931.197
MinimumVisualStudioVersion = 10.0.40219.1
Project("{2150E333-8FDC-42A3-9474-1A3956D46DE8}") = "services", "services", "{02EA681E-C7D8-13C7-8484-4AC65E1B71E8}"
EndProject
Project("{2150E333-8FDC-42A3-9474-1A3956D46DE8}") = "clients", "clients", "{CD3E14E7-BE96-473E-9CFF-A44E7B3A0815}"
EndProject
Project("{2150E333-8FDC-42A3-9474-1A3956D46DE8}") = "shared", "shared", "{F00C1F5F-FF23-4537-8312-C3B5E7B2FCC8}"
EndProject
Project("{FAE04EC0-301F-11D3-BF4B-00C04F79EFBC}") = "VibeHive.Core", "VibeHive.Core\VibeHive.Core.csproj", "{1A9141BD-6B3E-43EB-8FB3-552274510696}"
EndProject
Project("{FAE04EC0-301F-11D3-BF4B-00C04F79EFBC}") = "VibeHive.Common", "VibeHive.Common\VibeHive.Common.csproj", "{3B00BBF9-7175-41CB-8665-010D685E01EA}"
EndProject
Project("{FAE04EC0-301F-11D3-BF4B-00C04F79EFBC}") = "MusicRental.API", "MusicRental.API\MusicRental.API.csproj", "{A7896387-886C-4BE0-AEBC-3DCCCABACF43}"
EndProject
Project("{FAE04EC0-301F-11D3-BF4B-00C04F79EFBC}") = "MusicRental.WinForm", "MusicRental.WinForm\MusicRental.WinForm.csproj", "{6BD302FB-DB82-4091-AAFD-D26D7035F9E8}"
EndProject
Project("{FAE04EC0-301F-11D3-BF4B-00C04F79EFBC}") = "PlaylistBuilder.API", "PlaylistBuilder.API\PlaylistBuilder.API.csproj", "{CC21F510-9D90-4D39-95B6-D281BB3833A6}"
EndProject
Project("{FAE04EC0-301F-11D3-BF4B-00C04F79EFBC}") = "PlaylistBuilder.WinForms", "PlaylistBuilder.WinForms\PlaylistBuilder.WinForms.csproj", "{A3EA4981-5203-476A-8D54-3533D57BC00A}"
EndProject
Project("{FAE04EC0-301F-11D3-BF4B-00C04F79EFBC}") = "EventManagement.API", "EventManagement.API\EventManagement.API.csproj", "{00E48D4B-1852-42EE-B5AF-625DD9E95F38}"
EndProject
Project("{FAE04EC0-301F-11D3-BF4B-00C04F79EFBC}") = "AlbumInventoryAPI", "AlbumInventoryAPI\AlbumInventoryAPI.csproj", "{4F4AF89F-33CD-44BD-B18C-0D91F796CF30}"
EndProject
Project("{FAE04EC0-301F-11D3-BF4B-00C04F79EFBC}") = "InventoryManagement", "InventoryManagement\InventoryManagement.csproj", "{A4603CCB-2C21-4390-BE41-35BC65261EC7}"
EndProject
Global
	GlobalSection(SolutionConfigurationPlatforms) = preSolution
		Debug|Any CPU = Debug|Any CPU
		Release|Any CPU = Release|Any CPU
	EndGlobalSection
	GlobalSection(ProjectConfigurationPlatforms) = postSolution
		{1A9141BD-6B3E-43EB-8FB3-552274510696}.Debug|Any CPU.ActiveCfg = Debug|Any CPU
		{1A9141BD-6B3E-43EB-8FB3-552274510696}.Debug|Any CPU.Build.0 = Debug|Any CPU
		{1A9141BD-6B3E-43EB-8FB3-552274510696}.Release|Any CPU.ActiveCfg = Release|Any CPU
		{1A9141BD-6B3E-43EB-8FB3-552274510696}.Release|Any CPU.Build.0 = Release|Any CPU
		{3B00BBF9-7175-41CB-8665-010D685E01EA}.Debug|Any CPU.ActiveCfg = Debug|Any CPU
		{3B00BBF9-7175-41CB-8665-010D685E01EA}.Debug|Any CPU.Build.0 = Debug|Any CPU
		{3B00BBF9-7175-41CB-8665-010D685E01EA}.Release|Any CPU.ActiveCfg = Release|Any CPU
		{3B00BBF9-7175-41CB-8665-010D685E01EA}.Release|Any CPU.Build.0 = Release|Any CPU
		{A7896387-886C-4BE0-AEBC-3DCCCABACF43}.Debug|Any CPU.ActiveCfg = Debug|Any CPU
		{A7896387-886C-4BE0-AEBC-3DCCCABACF43}.Debug|Any CPU.Build.0 = Debug|Any CPU
		{A7896387-886C-4BE0-AEBC-3DCCCABACF43}.Release|Any CPU.ActiveCfg = Release|Any CPU
		{A7896387-886C-4BE0-AEBC-3DCCCABACF43}.Release|Any CPU.Build.0 = Release|Any CPU
		{6BD302FB-DB82-4091-AAFD-D26D7035F9E8}.Debug|Any CPU.ActiveCfg = Debug|Any CPU
		{6BD302FB-DB82-4091-AAFD-D26D7035F9E8}.Debug|Any CPU.Build.0 = Debug|Any CPU
		{6BD302FB-DB82-4091-AAFD-D26D7035F9E8}.Release|Any CPU.ActiveCfg = Release|Any CPU
		{6BD302FB-DB82-4091-AAFD-D26D7035F9E8}.Release|Any CPU.Build.0 = Release|Any CPU
		{CC21F510-9D90-4D39-95B6-D281BB3833A6}.Debug|Any CPU.ActiveCfg = Debug|Any CPU
		{CC21F510-9D90-4D39-95B6-D281BB3833A6}.Debug|Any CPU.Build.0 = Debug|Any CPU
		{CC21F510-9D90-4D39-95B6-D281BB3833A6}.Release|Any CPU.ActiveCfg = Release|Any CPU
		{CC21F510-9D90-4D39-95B6-D281BB3833A6}.Release|Any CPU.Build.0 = Release|Any CPU
		{A3EA4981-5203-476A-8D54-3533D57BC00A}.Debug|Any CPU.ActiveCfg = Debug|Any CPU
		{A3EA4981-5203-476A-8D54-3533D57BC00A}.Debug|Any CPU.Build.0 = Debug|Any CPU
		{A3EA4981-5203-476A-8D54-3533D57BC00A}.Release|Any CPU.ActiveCfg = Release|Any CPU
		{A3EA4981-5203-476A-8D54-3533D57BC00A}.Release|Any CPU.Build.0 = Release|Any CPU
		{00E48D4B-1852-42EE-B5AF-625DD9E95F38}.Debug|Any CPU.ActiveCfg = Debug|Any CPU
		{00E48D4B-1852-42EE-B5AF-625DD9E95F38}.Debug|Any CPU.Build.0 = Debug|Any CPU
		{00E48D4B-1852-42EE-B5AF-625DD9E95F38}.Release|Any CPU.ActiveCfg = Release|Any CPU
		{00E48D4B-1852-42EE-B5AF-625DD9E95F38}.Release|Any CPU.Build.0 = Release|Any CPU
		{4F4AF89F-33CD-44BD-B18C-0D91F796CF30}.Debug|Any CPU.ActiveCfg = Debug|Any CPU
		{4F4AF89F-33CD-44BD-B18C-0D91F796CF30}.Debug|Any CPU.Build.0 = Debug|Any CPU
		{4F4AF89F-33CD-44BD-B18C-0D91F796CF30}.Release|Any CPU.ActiveCfg = Release|Any CPU
		{4F4AF89F-33CD-44BD-B18C-0D91F796CF30}.Release|Any CPU.Build.0 = Release|Any CPU
		{A4603CCB-2C21-4390-BE41-35BC65261EC7}.Debug|Any CPU.ActiveCfg = Debug|Any CPU
		{A4603CCB-2C21-4390-BE41-35BC65261EC7}.Debug|Any CPU.Build.0 = Debug|Any CPU
		{A4603CCB-2C21-4390-BE41-35BC65261EC7}.Release|Any CPU.ActiveCfg = Release|Any CPU
		{A4603CCB-2C21-4390-BE41-35BC65261EC7}.Release|Any CPU.Build.0 = Release|Any CPU
	EndGlobalSection
	GlobalSection(SolutionProperties) = preSolution
		HideSolutionNode = FALSE
	EndGlobalSection
	GlobalSection(NestedProjects) = preSolution
		{1A9141BD-6B3E-43EB-8FB3-552274510696} = {F00C1F5F-FF23-4537-8312-C3B5E7B2FCC8}
		{3B00BBF9-7175-41CB-8665-010D685E01EA} = {F00C1F5F-FF23-4537-8312-C3B5E7B2FCC8}
		{A7896387-886C-4BE0-AEBC-3DCCCABACF43} = {02EA681E-C7D8-13C7-8484-4AC65E1B71E8}
		{6BD302FB-DB82-4091-AAFD-D26D7035F9E8} = {CD3E14E7-BE96-473E-9CFF-A44E7B3A0815}
		{CC21F510-9D90-4D39-95B6-D281BB3833A6} = {02EA681E-C7D8-13C7-8484-4AC65E1B71E8}
		{A3EA4981-5203-476A-8D54-3533D57BC00A} = {CD3E14E7-BE96-473E-9CFF-A44E7B3A0815}
		{00E48D4B-1852-42EE-B5AF-625DD9E95F38} = {02EA681E-C7D8-13C7-8484-4AC65E1B71E8}
		{4F4AF89F-33CD-44BD-B18C-0D91F796CF30} = {02EA681E-C7D8-13C7-8484-4AC65E1B71E8}
		{A4603CCB-2C21-4390-BE41-35BC65261EC7} = {CD3E14E7-BE96-473E-9CFF-A44E7B3A0815}
	EndGlobalSection
	GlobalSection(ExtensibilityGlobals) = postSolution
		SolutionGuid = {1561A912-24CC-406D-B4F8-B1FA65899D8E}
	EndGlobalSection
EndGlobal
